
Microsoft Visual Studio Solution File, Format Version 12.00
# Visual Studio Version 17
VisualStudioVersion = 17.7.34003.232
MinimumVisualStudioVersion = 10.0.40219.1
Project("{9A19103F-16F7-4668-BE54-9A1E7A4F7556}") = "SquareProject.Server", "SquareProject\Server\SquareProject.Server.csproj", "{51EB94BD-28FE-4629-824E-3E16C1C3C7E9}"
EndProject
Project("{9A19103F-16F7-4668-BE54-9A1E7A4F7556}") = "SquareProject.Client", "SquareProject\Client\SquareProject.Client.csproj", "{97C35701-FAF2-47B8-95E0-DA42F484E537}"
EndProject
Project("{9A19103F-16F7-4668-BE54-9A1E7A4F7556}") = "SquareProject.Shared", "SquareProject\Shared\SquareProject.Shared.csproj", "{CF650FF2-7B53-4C89-8E36-2F34370145F4}"
EndProject
Global
	GlobalSection(SolutionConfigurationPlatforms) = preSolution
		Debug|Any CPU = Debug|Any CPU
		Release|Any CPU = Release|Any CPU
	EndGlobalSection
	GlobalSection(ProjectConfigurationPlatforms) = postSolution
		{51EB94BD-28FE-4629-824E-3E16C1C3C7E9}.Debug|Any CPU.ActiveCfg = Debug|Any CPU
		{51EB94BD-28FE-4629-824E-3E16C1C3C7E9}.Debug|Any CPU.Build.0 = Debug|Any CPU
		{51EB94BD-28FE-4629-824E-3E16C1C3C7E9}.Release|Any CPU.ActiveCfg = Release|Any CPU
		{51EB94BD-28FE-4629-824E-3E16C1C3C7E9}.Release|Any CPU.Build.0 = Release|Any CPU
		{97C35701-FAF2-47B8-95E0-DA42F484E537}.Debug|Any CPU.ActiveCfg = Debug|Any CPU
		{97C35701-FAF2-47B8-95E0-DA42F484E537}.Debug|Any CPU.Build.0 = Debug|Any CPU
		{97C35701-FAF2-47B8-95E0-DA42F484E537}.Release|Any CPU.ActiveCfg = Release|Any CPU
		{97C35701-FAF2-47B8-95E0-DA42F484E537}.Release|Any CPU.Build.0 = Release|Any CPU
		{CF650FF2-7B53-4C89-8E36-2F34370145F4}.Debug|Any CPU.ActiveCfg = Debug|Any CPU
		{CF650FF2-7B53-4C89-8E36-2F34370145F4}.Debug|Any CPU.Build.0 = Debug|Any CPU
		{CF650FF2-7B53-4C89-8E36-2F34370145F4}.Release|Any CPU.ActiveCfg = Release|Any CPU
		{CF650FF2-7B53-4C89-8E36-2F34370145F4}.Release|Any CPU.Build.0 = Release|Any CPU
	EndGlobalSection
	GlobalSection(SolutionProperties) = preSolution
		HideSolutionNode = FALSE
	EndGlobalSection
	GlobalSection(ExtensibilityGlobals) = postSolution
		SolutionGuid = {4FC3C9A9-5556-4923-97C1-DC79EC7C6351}
	EndGlobalSection
EndGlobal
